// !$*UTF8*$!
{
	archiveVersion = 1;
	classes = {
	};
	objectVersion = 51;
	objects = {

/* Begin PBXBuildFile section */
		2D79B1EF6172091C5860C7E6 /* Pods_Statis.framework in Frameworks */ = {isa = PBXBuildFile; fileRef = 0A09F40FD6E0A30387D6D9C4 /* Pods_Statis.framework */; };
		30127DCB24DE506300576F65 /* AppDelegate.swift in Sources */ = {isa = PBXBuildFile; fileRef = 30127DCA24DE506300576F65 /* AppDelegate.swift */; };
		30127DCD24DE506300576F65 /* SceneDelegate.swift in Sources */ = {isa = PBXBuildFile; fileRef = 30127DCC24DE506300576F65 /* SceneDelegate.swift */; };
		30127DCF24DE506300576F65 /* SignInView.swift in Sources */ = {isa = PBXBuildFile; fileRef = 30127DCE24DE506300576F65 /* SignInView.swift */; };
		30127DD124DE506500576F65 /* Assets.xcassets in Resources */ = {isa = PBXBuildFile; fileRef = 30127DD024DE506500576F65 /* Assets.xcassets */; };
		30127DD424DE506500576F65 /* Preview Assets.xcassets in Resources */ = {isa = PBXBuildFile; fileRef = 30127DD324DE506500576F65 /* Preview Assets.xcassets */; };
		30127DD724DE506500576F65 /* LaunchScreen.storyboard in Resources */ = {isa = PBXBuildFile; fileRef = 30127DD524DE506500576F65 /* LaunchScreen.storyboard */; };
		30A39BED24DF999900EE7E2E /* SignUpViewModel.swift in Sources */ = {isa = PBXBuildFile; fileRef = 30A39BEC24DF999900EE7E2E /* SignUpViewModel.swift */; };
		30D8C5EF24E77C8000CB0858 /* CustomModifier.swift in Sources */ = {isa = PBXBuildFile; fileRef = 30D8C5EE24E77C8000CB0858 /* CustomModifier.swift */; };
		30D8C5F124E77CFB00CB0858 /* UIConfiguration.swift in Sources */ = {isa = PBXBuildFile; fileRef = 30D8C5F024E77CFB00CB0858 /* UIConfiguration.swift */; };
		30D8C5F324E77DDE00CB0858 /* UIColorExt.swift in Sources */ = {isa = PBXBuildFile; fileRef = 30D8C5F224E77DDE00CB0858 /* UIColorExt.swift */; };
		30D8C60224E818D400CB0858 /* SignUpView.swift in Sources */ = {isa = PBXBuildFile; fileRef = 30D8C60124E818D300CB0858 /* SignUpView.swift */; };
		30DDE0B924EABC9700208D32 /* User.swift in Sources */ = {isa = PBXBuildFile; fileRef = 30DDE0B824EABC9700208D32 /* User.swift */; };
		30DDE0BD24EC21E900208D32 /* DrawerView.swift in Sources */ = {isa = PBXBuildFile; fileRef = 30DDE0BC24EC21E900208D32 /* DrawerView.swift */; };
		30DDE0BF24EC2A7C00208D32 /* HomeView.swift in Sources */ = {isa = PBXBuildFile; fileRef = 30DDE0BE24EC2A7C00208D32 /* HomeView.swift */; };
		30DDE0C124EC2AD300208D32 /* AppState.swift in Sources */ = {isa = PBXBuildFile; fileRef = 30DDE0C024EC2AD300208D32 /* AppState.swift */; };
		30F0AF8C24E92D160084CE6E /* AuthAPI.swift in Sources */ = {isa = PBXBuildFile; fileRef = 30F0AF8B24E92D160084CE6E /* AuthAPI.swift */; };
		30F0AF8E24E92E360084CE6E /* AuthService.swift in Sources */ = {isa = PBXBuildFile; fileRef = 30F0AF8D24E92E360084CE6E /* AuthService.swift */; };
		30F0AF9024E967920084CE6E /* StatusViewModel.swift in Sources */ = {isa = PBXBuildFile; fileRef = 30F0AF8F24E967920084CE6E /* StatusViewModel.swift */; };
		30F0AF9224E976410084CE6E /* SplashView.swift in Sources */ = {isa = PBXBuildFile; fileRef = 30F0AF9124E976410084CE6E /* SplashView.swift */; };
		30F0AF9824E9868D0084CE6E /* SignInViewModel.swift in Sources */ = {isa = PBXBuildFile; fileRef = 30F0AF9724E9868D0084CE6E /* SignInViewModel.swift */; };
		30F0AF9B24E989020084CE6E /* CustomTextField.swift in Sources */ = {isa = PBXBuildFile; fileRef = 30F0AF9A24E989020084CE6E /* CustomTextField.swift */; };
		F7178DEE25CC6CDB009103AB /* Poppins-Light.ttf in Resources */ = {isa = PBXBuildFile; fileRef = F7178DDC25CC6CCC009103AB /* Poppins-Light.ttf */; };
		F7178DEF25CC6CDB009103AB /* Poppins-Black.ttf in Resources */ = {isa = PBXBuildFile; fileRef = F7178DDD25CC6CCD009103AB /* Poppins-Black.ttf */; };
		F7178DF025CC6CDB009103AB /* Poppins-Thin.ttf in Resources */ = {isa = PBXBuildFile; fileRef = F7178DDE25CC6CCE009103AB /* Poppins-Thin.ttf */; };
		F7178DF125CC6CDB009103AB /* Poppins-BlackItalic.ttf in Resources */ = {isa = PBXBuildFile; fileRef = F7178DDF25CC6CCF009103AB /* Poppins-BlackItalic.ttf */; };
		F7178DF225CC6CDB009103AB /* Poppins-Regular.ttf in Resources */ = {isa = PBXBuildFile; fileRef = F7178DE025CC6CD0009103AB /* Poppins-Regular.ttf */; };
		F7178DF325CC6CDB009103AB /* Poppins-SemiBold.ttf in Resources */ = {isa = PBXBuildFile; fileRef = F7178DE125CC6CD1009103AB /* Poppins-SemiBold.ttf */; };
		F7178DF425CC6CDB009103AB /* Poppins-SemiBoldItalic.ttf in Resources */ = {isa = PBXBuildFile; fileRef = F7178DE225CC6CD1009103AB /* Poppins-SemiBoldItalic.ttf */; };
		F7178DF525CC6CDB009103AB /* Poppins-ExtraLight.ttf in Resources */ = {isa = PBXBuildFile; fileRef = F7178DE325CC6CD2009103AB /* Poppins-ExtraLight.ttf */; };
		F7178DF625CC6CDB009103AB /* Poppins-ExtraBold.ttf in Resources */ = {isa = PBXBuildFile; fileRef = F7178DE425CC6CD4009103AB /* Poppins-ExtraBold.ttf */; };
		F7178DF725CC6CDB009103AB /* Poppins-Italic.ttf in Resources */ = {isa = PBXBuildFile; fileRef = F7178DE525CC6CD4009103AB /* Poppins-Italic.ttf */; };
		F7178DF825CC6CDB009103AB /* Poppins-Medium.ttf in Resources */ = {isa = PBXBuildFile; fileRef = F7178DE625CC6CD5009103AB /* Poppins-Medium.ttf */; };
		F7178DF925CC6CDB009103AB /* Poppins-ExtraBoldItalic.ttf in Resources */ = {isa = PBXBuildFile; fileRef = F7178DE725CC6CD6009103AB /* Poppins-ExtraBoldItalic.ttf */; };
		F7178DFA25CC6CDB009103AB /* Poppins-MediumItalic.ttf in Resources */ = {isa = PBXBuildFile; fileRef = F7178DE825CC6CD7009103AB /* Poppins-MediumItalic.ttf */; };
		F7178DFB25CC6CDB009103AB /* Poppins-Bold.ttf in Resources */ = {isa = PBXBuildFile; fileRef = F7178DE925CC6CD8009103AB /* Poppins-Bold.ttf */; };
		F7178DFC25CC6CDB009103AB /* Poppins-ExtraLightItalic.ttf in Resources */ = {isa = PBXBuildFile; fileRef = F7178DEA25CC6CD8009103AB /* Poppins-ExtraLightItalic.ttf */; };
		F7178DFD25CC6CDB009103AB /* Poppins-BoldItalic.ttf in Resources */ = {isa = PBXBuildFile; fileRef = F7178DEB25CC6CD9009103AB /* Poppins-BoldItalic.ttf */; };
		F7178DFE25CC6CDB009103AB /* Poppins-LightItalic.ttf in Resources */ = {isa = PBXBuildFile; fileRef = F7178DEC25CC6CDA009103AB /* Poppins-LightItalic.ttf */; };
		F7178DFF25CC6CDB009103AB /* Poppins-ThinItalic.ttf in Resources */ = {isa = PBXBuildFile; fileRef = F7178DED25CC6CDB009103AB /* Poppins-ThinItalic.ttf */; };
		F71C8A1125D6AB020019CBC0 /* ContactDetailsView.swift in Sources */ = {isa = PBXBuildFile; fileRef = F71C8A1025D6AB020019CBC0 /* ContactDetailsView.swift */; };
		F71C8A1425D6D6840019CBC0 /* AboutStatisView.swift in Sources */ = {isa = PBXBuildFile; fileRef = F71C8A1325D6D6840019CBC0 /* AboutStatisView.swift */; };
		F71C8A1725D6F6F40019CBC0 /* StatisProfile.swift in Sources */ = {isa = PBXBuildFile; fileRef = F71C8A1625D6F6F40019CBC0 /* StatisProfile.swift */; };
		F748886825CE75D900799859 /* CardDataViewModel.swift in Sources */ = {isa = PBXBuildFile; fileRef = F748886725CE75D800799859 /* CardDataViewModel.swift */; };
		F748886D25CE763000799859 /* CardParentView.swift in Sources */ = {isa = PBXBuildFile; fileRef = F748886C25CE763000799859 /* CardParentView.swift */; };
		F748887425CE835600799859 /* FloatingTextField.swift in Sources */ = {isa = PBXBuildFile; fileRef = F748887325CE835600799859 /* FloatingTextField.swift */; };
		F748887825CE932D00799859 /* ButtonExt.swift in Sources */ = {isa = PBXBuildFile; fileRef = F748887725CE932D00799859 /* ButtonExt.swift */; };
		F74CF04F25CED44200B6D630 /* Question.swift in Sources */ = {isa = PBXBuildFile; fileRef = F74CF04E25CED44200B6D630 /* Question.swift */; };
		F74CF21C25D3C77C007B2958 /* CardDetailView.swift in Sources */ = {isa = PBXBuildFile; fileRef = F74CF21B25D3C77C007B2958 /* CardDetailView.swift */; };
		F74CF21F25D3D785007B2958 /* ContactsView.swift in Sources */ = {isa = PBXBuildFile; fileRef = F74CF21E25D3D785007B2958 /* ContactsView.swift */; };
		F74CF22225D3F619007B2958 /* BusinessCardDetailView.swift in Sources */ = {isa = PBXBuildFile; fileRef = F74CF22125D3F619007B2958 /* BusinessCardDetailView.swift */; };
		F74CF22525D40435007B2958 /* BusinessCardGreenView.swift in Sources */ = {isa = PBXBuildFile; fileRef = F74CF22425D40435007B2958 /* BusinessCardGreenView.swift */; };
		F74CF22925D4110A007B2958 /* SettingsView.swift in Sources */ = {isa = PBXBuildFile; fileRef = F74CF22825D4110A007B2958 /* SettingsView.swift */; };
		F74CF22C25D423C3007B2958 /* GeneralCardInfoView.swift in Sources */ = {isa = PBXBuildFile; fileRef = F74CF22B25D423C3007B2958 /* GeneralCardInfoView.swift */; };
		F74CF22F25D44703007B2958 /* FilterModalView.swift in Sources */ = {isa = PBXBuildFile; fileRef = F74CF22E25D44703007B2958 /* FilterModalView.swift */; };
		F74CF23225D4473E007B2958 /* SupportModalView.swift in Sources */ = {isa = PBXBuildFile; fileRef = F74CF23125D4473E007B2958 /* SupportModalView.swift */; };
		F74CF23525D45378007B2958 /* CardHolderView.swift in Sources */ = {isa = PBXBuildFile; fileRef = F74CF23425D45377007B2958 /* CardHolderView.swift */; };
		F74CF23925D466B7007B2958 /* ProfileView.swift in Sources */ = {isa = PBXBuildFile; fileRef = F74CF23825D466B7007B2958 /* ProfileView.swift */; };
		F75BDB8E25C715E0002CE741 /* AuthViewsBackground.swift in Sources */ = {isa = PBXBuildFile; fileRef = F75BDB8D25C715E0002CE741 /* AuthViewsBackground.swift */; };
		F75BDB9625C73AFA002CE741 /* GoogleService-Info.plist in Resources */ = {isa = PBXBuildFile; fileRef = F75BDB9525C73AFA002CE741 /* GoogleService-Info.plist */; };
		F765C63725C992D50050D9F1 /* PasswordResetView.swift in Sources */ = {isa = PBXBuildFile; fileRef = F765C63625C992D50050D9F1 /* PasswordResetView.swift */; };
		F76AD4C225CB1D96004A8F93 /* PhoneVerificationOTP.swift in Sources */ = {isa = PBXBuildFile; fileRef = F76AD4C125CB1D96004A8F93 /* PhoneVerificationOTP.swift */; };
		F7BB88B325C8275A0077F5ED /* EmailVerificationView.swift in Sources */ = {isa = PBXBuildFile; fileRef = F7BB88B225C8275A0077F5ED /* EmailVerificationView.swift */; };
		F7BB88B725C82AF60077F5ED /* OTPView.swift in Sources */ = {isa = PBXBuildFile; fileRef = F7BB88B625C82AF60077F5ED /* OTPView.swift */; };
		F7BB88BA25C82D510077F5ED /* PasscodeField.swift in Sources */ = {isa = PBXBuildFile; fileRef = F7BB88B925C82D510077F5ED /* PasscodeField.swift */; };
		F7BD35D525D9765200AA9DDD /* CardActionsView.swift in Sources */ = {isa = PBXBuildFile; fileRef = F7BD35D425D9765200AA9DDD /* CardActionsView.swift */; };
		F7BD35D825D986A600AA9DDD /* WalletView.swift in Sources */ = {isa = PBXBuildFile; fileRef = F7BD35D725D986A600AA9DDD /* WalletView.swift */; };
		F7CCEA7125C90F3600F6190A /* FirestoreService.swift in Sources */ = {isa = PBXBuildFile; fileRef = F7CCEA7025C90F3600F6190A /* FirestoreService.swift */; };
/* End PBXBuildFile section */

/* Begin PBXFileReference section */
		0A09F40FD6E0A30387D6D9C4 /* Pods_Statis.framework */ = {isa = PBXFileReference; explicitFileType = wrapper.framework; includeInIndex = 0; path = Pods_Statis.framework; sourceTree = BUILT_PRODUCTS_DIR; };
		0B8AE8CB2A252EC929D1448D /* Pods-FirebaseStarterSwiftUIApp.release.xcconfig */ = {isa = PBXFileReference; includeInIndex = 1; lastKnownFileType = text.xcconfig; name = "Pods-FirebaseStarterSwiftUIApp.release.xcconfig"; path = "Target Support Files/Pods-FirebaseStarterSwiftUIApp/Pods-FirebaseStarterSwiftUIApp.release.xcconfig"; sourceTree = "<group>"; };
		30127DC724DE506300576F65 /* Statis.app */ = {isa = PBXFileReference; explicitFileType = wrapper.application; includeInIndex = 0; path = Statis.app; sourceTree = BUILT_PRODUCTS_DIR; };
		30127DCA24DE506300576F65 /* AppDelegate.swift */ = {isa = PBXFileReference; lastKnownFileType = sourcecode.swift; path = AppDelegate.swift; sourceTree = "<group>"; };
		30127DCC24DE506300576F65 /* SceneDelegate.swift */ = {isa = PBXFileReference; lastKnownFileType = sourcecode.swift; path = SceneDelegate.swift; sourceTree = "<group>"; };
		30127DCE24DE506300576F65 /* SignInView.swift */ = {isa = PBXFileReference; lastKnownFileType = sourcecode.swift; path = SignInView.swift; sourceTree = "<group>"; };
		30127DD024DE506500576F65 /* Assets.xcassets */ = {isa = PBXFileReference; lastKnownFileType = folder.assetcatalog; path = Assets.xcassets; sourceTree = "<group>"; };
		30127DD324DE506500576F65 /* Preview Assets.xcassets */ = {isa = PBXFileReference; lastKnownFileType = folder.assetcatalog; path = "Preview Assets.xcassets"; sourceTree = "<group>"; };
		30127DD624DE506500576F65 /* Base */ = {isa = PBXFileReference; lastKnownFileType = file.storyboard; name = Base; path = Base.lproj/LaunchScreen.storyboard; sourceTree = "<group>"; };
		30127DD824DE506500576F65 /* Info.plist */ = {isa = PBXFileReference; lastKnownFileType = text.plist.xml; path = Info.plist; sourceTree = "<group>"; };
		30A39BEC24DF999900EE7E2E /* SignUpViewModel.swift */ = {isa = PBXFileReference; lastKnownFileType = sourcecode.swift; path = SignUpViewModel.swift; sourceTree = "<group>"; };
		30D8C5EE24E77C8000CB0858 /* CustomModifier.swift */ = {isa = PBXFileReference; lastKnownFileType = sourcecode.swift; path = CustomModifier.swift; sourceTree = "<group>"; };
		30D8C5F024E77CFB00CB0858 /* UIConfiguration.swift */ = {isa = PBXFileReference; lastKnownFileType = sourcecode.swift; path = UIConfiguration.swift; sourceTree = "<group>"; };
		30D8C5F224E77DDE00CB0858 /* UIColorExt.swift */ = {isa = PBXFileReference; lastKnownFileType = sourcecode.swift; path = UIColorExt.swift; sourceTree = "<group>"; };
		30D8C60124E818D300CB0858 /* SignUpView.swift */ = {isa = PBXFileReference; lastKnownFileType = sourcecode.swift; path = SignUpView.swift; sourceTree = "<group>"; };
		30DDE0B824EABC9700208D32 /* User.swift */ = {isa = PBXFileReference; lastKnownFileType = sourcecode.swift; path = User.swift; sourceTree = "<group>"; };
		30DDE0BC24EC21E900208D32 /* DrawerView.swift */ = {isa = PBXFileReference; lastKnownFileType = sourcecode.swift; path = DrawerView.swift; sourceTree = "<group>"; };
		30DDE0BE24EC2A7C00208D32 /* HomeView.swift */ = {isa = PBXFileReference; lastKnownFileType = sourcecode.swift; path = HomeView.swift; sourceTree = "<group>"; };
		30DDE0C024EC2AD300208D32 /* AppState.swift */ = {isa = PBXFileReference; lastKnownFileType = sourcecode.swift; path = AppState.swift; sourceTree = "<group>"; };
		30F0AF8B24E92D160084CE6E /* AuthAPI.swift */ = {isa = PBXFileReference; lastKnownFileType = sourcecode.swift; path = AuthAPI.swift; sourceTree = "<group>"; };
		30F0AF8D24E92E360084CE6E /* AuthService.swift */ = {isa = PBXFileReference; lastKnownFileType = sourcecode.swift; path = AuthService.swift; sourceTree = "<group>"; };
		30F0AF8F24E967920084CE6E /* StatusViewModel.swift */ = {isa = PBXFileReference; lastKnownFileType = sourcecode.swift; path = StatusViewModel.swift; sourceTree = "<group>"; };
		30F0AF9124E976410084CE6E /* SplashView.swift */ = {isa = PBXFileReference; lastKnownFileType = sourcecode.swift; path = SplashView.swift; sourceTree = "<group>"; };
		30F0AF9724E9868D0084CE6E /* SignInViewModel.swift */ = {isa = PBXFileReference; lastKnownFileType = sourcecode.swift; path = SignInViewModel.swift; sourceTree = "<group>"; };
		30F0AF9A24E989020084CE6E /* CustomTextField.swift */ = {isa = PBXFileReference; lastKnownFileType = sourcecode.swift; path = CustomTextField.swift; sourceTree = "<group>"; };
		57AA80FA5CA6EE372A811F79 /* Pods-SwiftUIChatAppKit.release.xcconfig */ = {isa = PBXFileReference; includeInIndex = 1; lastKnownFileType = text.xcconfig; name = "Pods-SwiftUIChatAppKit.release.xcconfig"; path = "Target Support Files/Pods-SwiftUIChatAppKit/Pods-SwiftUIChatAppKit.release.xcconfig"; sourceTree = "<group>"; };
		7BDA8AF3125E28867EFB0E98 /* Pods-SwiftUIChatAppKit.debug.xcconfig */ = {isa = PBXFileReference; includeInIndex = 1; lastKnownFileType = text.xcconfig; name = "Pods-SwiftUIChatAppKit.debug.xcconfig"; path = "Target Support Files/Pods-SwiftUIChatAppKit/Pods-SwiftUIChatAppKit.debug.xcconfig"; sourceTree = "<group>"; };
		8445C9E02BCD321F08E7E9E0 /* Pods-FirebaseStarterSwiftUIApp.debug.xcconfig */ = {isa = PBXFileReference; includeInIndex = 1; lastKnownFileType = text.xcconfig; name = "Pods-FirebaseStarterSwiftUIApp.debug.xcconfig"; path = "Target Support Files/Pods-FirebaseStarterSwiftUIApp/Pods-FirebaseStarterSwiftUIApp.debug.xcconfig"; sourceTree = "<group>"; };
		87F27B8191BB88051966CE47 /* Pods-Statis.release.xcconfig */ = {isa = PBXFileReference; includeInIndex = 1; lastKnownFileType = text.xcconfig; name = "Pods-Statis.release.xcconfig"; path = "Target Support Files/Pods-Statis/Pods-Statis.release.xcconfig"; sourceTree = "<group>"; };
		E5752F63CF97779D83A3F19D /* Pods-Statis.debug.xcconfig */ = {isa = PBXFileReference; includeInIndex = 1; lastKnownFileType = text.xcconfig; name = "Pods-Statis.debug.xcconfig"; path = "Target Support Files/Pods-Statis/Pods-Statis.debug.xcconfig"; sourceTree = "<group>"; };
		F7178DDC25CC6CCC009103AB /* Poppins-Light.ttf */ = {isa = PBXFileReference; lastKnownFileType = file; path = "Poppins-Light.ttf"; sourceTree = "<group>"; };
		F7178DDD25CC6CCD009103AB /* Poppins-Black.ttf */ = {isa = PBXFileReference; lastKnownFileType = file; path = "Poppins-Black.ttf"; sourceTree = "<group>"; };
		F7178DDE25CC6CCE009103AB /* Poppins-Thin.ttf */ = {isa = PBXFileReference; lastKnownFileType = file; path = "Poppins-Thin.ttf"; sourceTree = "<group>"; };
		F7178DDF25CC6CCF009103AB /* Poppins-BlackItalic.ttf */ = {isa = PBXFileReference; lastKnownFileType = file; path = "Poppins-BlackItalic.ttf"; sourceTree = "<group>"; };
		F7178DE025CC6CD0009103AB /* Poppins-Regular.ttf */ = {isa = PBXFileReference; lastKnownFileType = file; path = "Poppins-Regular.ttf"; sourceTree = "<group>"; };
		F7178DE125CC6CD1009103AB /* Poppins-SemiBold.ttf */ = {isa = PBXFileReference; lastKnownFileType = file; path = "Poppins-SemiBold.ttf"; sourceTree = "<group>"; };
		F7178DE225CC6CD1009103AB /* Poppins-SemiBoldItalic.ttf */ = {isa = PBXFileReference; lastKnownFileType = file; path = "Poppins-SemiBoldItalic.ttf"; sourceTree = "<group>"; };
		F7178DE325CC6CD2009103AB /* Poppins-ExtraLight.ttf */ = {isa = PBXFileReference; lastKnownFileType = file; path = "Poppins-ExtraLight.ttf"; sourceTree = "<group>"; };
		F7178DE425CC6CD4009103AB /* Poppins-ExtraBold.ttf */ = {isa = PBXFileReference; lastKnownFileType = file; path = "Poppins-ExtraBold.ttf"; sourceTree = "<group>"; };
		F7178DE525CC6CD4009103AB /* Poppins-Italic.ttf */ = {isa = PBXFileReference; lastKnownFileType = file; path = "Poppins-Italic.ttf"; sourceTree = "<group>"; };
		F7178DE625CC6CD5009103AB /* Poppins-Medium.ttf */ = {isa = PBXFileReference; lastKnownFileType = file; path = "Poppins-Medium.ttf"; sourceTree = "<group>"; };
		F7178DE725CC6CD6009103AB /* Poppins-ExtraBoldItalic.ttf */ = {isa = PBXFileReference; lastKnownFileType = file; path = "Poppins-ExtraBoldItalic.ttf"; sourceTree = "<group>"; };
		F7178DE825CC6CD7009103AB /* Poppins-MediumItalic.ttf */ = {isa = PBXFileReference; lastKnownFileType = file; path = "Poppins-MediumItalic.ttf"; sourceTree = "<group>"; };
		F7178DE925CC6CD8009103AB /* Poppins-Bold.ttf */ = {isa = PBXFileReference; lastKnownFileType = file; path = "Poppins-Bold.ttf"; sourceTree = "<group>"; };
		F7178DEA25CC6CD8009103AB /* Poppins-ExtraLightItalic.ttf */ = {isa = PBXFileReference; lastKnownFileType = file; path = "Poppins-ExtraLightItalic.ttf"; sourceTree = "<group>"; };
		F7178DEB25CC6CD9009103AB /* Poppins-BoldItalic.ttf */ = {isa = PBXFileReference; lastKnownFileType = file; path = "Poppins-BoldItalic.ttf"; sourceTree = "<group>"; };
		F7178DEC25CC6CDA009103AB /* Poppins-LightItalic.ttf */ = {isa = PBXFileReference; lastKnownFileType = file; path = "Poppins-LightItalic.ttf"; sourceTree = "<group>"; };
		F7178DED25CC6CDB009103AB /* Poppins-ThinItalic.ttf */ = {isa = PBXFileReference; lastKnownFileType = file; path = "Poppins-ThinItalic.ttf"; sourceTree = "<group>"; };
		F71C8A1025D6AB020019CBC0 /* ContactDetailsView.swift */ = {isa = PBXFileReference; lastKnownFileType = sourcecode.swift; path = ContactDetailsView.swift; sourceTree = "<group>"; };
		F71C8A1325D6D6840019CBC0 /* AboutStatisView.swift */ = {isa = PBXFileReference; lastKnownFileType = sourcecode.swift; path = AboutStatisView.swift; sourceTree = "<group>"; };
		F71C8A1625D6F6F40019CBC0 /* StatisProfile.swift */ = {isa = PBXFileReference; lastKnownFileType = sourcecode.swift; path = StatisProfile.swift; sourceTree = "<group>"; };
		F748886725CE75D800799859 /* CardDataViewModel.swift */ = {isa = PBXFileReference; lastKnownFileType = sourcecode.swift; path = CardDataViewModel.swift; sourceTree = "<group>"; };
		F748886C25CE763000799859 /* CardParentView.swift */ = {isa = PBXFileReference; lastKnownFileType = sourcecode.swift; path = CardParentView.swift; sourceTree = "<group>"; };
		F748887325CE835600799859 /* FloatingTextField.swift */ = {isa = PBXFileReference; lastKnownFileType = sourcecode.swift; path = FloatingTextField.swift; sourceTree = "<group>"; };
		F748887725CE932D00799859 /* ButtonExt.swift */ = {isa = PBXFileReference; lastKnownFileType = sourcecode.swift; path = ButtonExt.swift; sourceTree = "<group>"; };
		F74CF04E25CED44200B6D630 /* Question.swift */ = {isa = PBXFileReference; lastKnownFileType = sourcecode.swift; path = Question.swift; sourceTree = "<group>"; };
		F74CF21B25D3C77C007B2958 /* CardDetailView.swift */ = {isa = PBXFileReference; lastKnownFileType = sourcecode.swift; path = CardDetailView.swift; sourceTree = "<group>"; };
		F74CF21E25D3D785007B2958 /* ContactsView.swift */ = {isa = PBXFileReference; lastKnownFileType = sourcecode.swift; path = ContactsView.swift; sourceTree = "<group>"; };
		F74CF22125D3F619007B2958 /* BusinessCardDetailView.swift */ = {isa = PBXFileReference; lastKnownFileType = sourcecode.swift; path = BusinessCardDetailView.swift; sourceTree = "<group>"; };
		F74CF22425D40435007B2958 /* BusinessCardGreenView.swift */ = {isa = PBXFileReference; lastKnownFileType = sourcecode.swift; path = BusinessCardGreenView.swift; sourceTree = "<group>"; };
		F74CF22825D4110A007B2958 /* SettingsView.swift */ = {isa = PBXFileReference; lastKnownFileType = sourcecode.swift; path = SettingsView.swift; sourceTree = "<group>"; };
		F74CF22B25D423C3007B2958 /* GeneralCardInfoView.swift */ = {isa = PBXFileReference; lastKnownFileType = sourcecode.swift; path = GeneralCardInfoView.swift; sourceTree = "<group>"; };
		F74CF22E25D44703007B2958 /* FilterModalView.swift */ = {isa = PBXFileReference; lastKnownFileType = sourcecode.swift; path = FilterModalView.swift; sourceTree = "<group>"; };
		F74CF23125D4473E007B2958 /* SupportModalView.swift */ = {isa = PBXFileReference; lastKnownFileType = sourcecode.swift; path = SupportModalView.swift; sourceTree = "<group>"; };
		F74CF23425D45377007B2958 /* CardHolderView.swift */ = {isa = PBXFileReference; lastKnownFileType = sourcecode.swift; path = CardHolderView.swift; sourceTree = "<group>"; };
		F74CF23825D466B7007B2958 /* ProfileView.swift */ = {isa = PBXFileReference; lastKnownFileType = sourcecode.swift; path = ProfileView.swift; sourceTree = "<group>"; };
		F75BDB8D25C715E0002CE741 /* AuthViewsBackground.swift */ = {isa = PBXFileReference; lastKnownFileType = sourcecode.swift; path = AuthViewsBackground.swift; sourceTree = "<group>"; };
		F75BDB9525C73AFA002CE741 /* GoogleService-Info.plist */ = {isa = PBXFileReference; fileEncoding = 4; lastKnownFileType = text.plist.xml; path = "GoogleService-Info.plist"; sourceTree = "<group>"; };
		F765C63625C992D50050D9F1 /* PasswordResetView.swift */ = {isa = PBXFileReference; lastKnownFileType = sourcecode.swift; path = PasswordResetView.swift; sourceTree = "<group>"; };
		F76AD4C125CB1D96004A8F93 /* PhoneVerificationOTP.swift */ = {isa = PBXFileReference; lastKnownFileType = sourcecode.swift; path = PhoneVerificationOTP.swift; sourceTree = "<group>"; };
		F7BB88B225C8275A0077F5ED /* EmailVerificationView.swift */ = {isa = PBXFileReference; lastKnownFileType = sourcecode.swift; path = EmailVerificationView.swift; sourceTree = "<group>"; };
		F7BB88B625C82AF60077F5ED /* OTPView.swift */ = {isa = PBXFileReference; lastKnownFileType = sourcecode.swift; path = OTPView.swift; sourceTree = "<group>"; };
		F7BB88B925C82D510077F5ED /* PasscodeField.swift */ = {isa = PBXFileReference; lastKnownFileType = sourcecode.swift; path = PasscodeField.swift; sourceTree = "<group>"; };
		F7BD35D425D9765200AA9DDD /* CardActionsView.swift */ = {isa = PBXFileReference; lastKnownFileType = sourcecode.swift; path = CardActionsView.swift; sourceTree = "<group>"; };
		F7BD35D725D986A600AA9DDD /* WalletView.swift */ = {isa = PBXFileReference; lastKnownFileType = sourcecode.swift; path = WalletView.swift; sourceTree = "<group>"; };
		F7CCEA6E25C904AC00F6190A /* Statis.entitlements */ = {isa = PBXFileReference; lastKnownFileType = text.plist.entitlements; path = Statis.entitlements; sourceTree = "<group>"; };
		F7CCEA7025C90F3600F6190A /* FirestoreService.swift */ = {isa = PBXFileReference; lastKnownFileType = sourcecode.swift; path = FirestoreService.swift; sourceTree = "<group>"; };
/* End PBXFileReference section */

/* Begin PBXFrameworksBuildPhase section */
		30127DC424DE506300576F65 /* Frameworks */ = {
			isa = PBXFrameworksBuildPhase;
			buildActionMask = 2147483647;
			files = (
				2D79B1EF6172091C5860C7E6 /* Pods_Statis.framework in Frameworks */,
			);
			runOnlyForDeploymentPostprocessing = 0;
		};
/* End PBXFrameworksBuildPhase section */

/* Begin PBXGroup section */
		30127DBE24DE506300576F65 = {
			isa = PBXGroup;
			children = (
				30127DC924DE506300576F65 /* Statis */,
				30127DC824DE506300576F65 /* Products */,
				8BB326AC4AD1A45FA13BD7DE /* Pods */,
				B113BEC14339CA90855842E2 /* Frameworks */,
			);
			sourceTree = "<group>";
		};
		30127DC824DE506300576F65 /* Products */ = {
			isa = PBXGroup;
			children = (
				30127DC724DE506300576F65 /* Statis.app */,
			);
			name = Products;
			sourceTree = "<group>";
		};
		30127DC924DE506300576F65 /* Statis */ = {
			isa = PBXGroup;
			children = (
				F7CCEA6E25C904AC00F6190A /* Statis.entitlements */,
				30DDE0B724EABC8100208D32 /* Model */,
				30F0AF9924E9885E0084CE6E /* Components */,
				30F0AF9624E985D40084CE6E /* Configuration */,
				30F0AF9524E9855C0084CE6E /* Service */,
				30F0AF9424E985390084CE6E /* ViewModel */,
				30F0AF9324E985240084CE6E /* View */,
				30127DCA24DE506300576F65 /* AppDelegate.swift */,
				30127DCC24DE506300576F65 /* SceneDelegate.swift */,
				30127DD024DE506500576F65 /* Assets.xcassets */,
				F75BDB9525C73AFA002CE741 /* GoogleService-Info.plist */,
				30127DD524DE506500576F65 /* LaunchScreen.storyboard */,
				30127DD824DE506500576F65 /* Info.plist */,
				30127DD224DE506500576F65 /* Preview Content */,
			);
			path = Statis;
			sourceTree = "<group>";
		};
		30127DD224DE506500576F65 /* Preview Content */ = {
			isa = PBXGroup;
			children = (
				30127DD324DE506500576F65 /* Preview Assets.xcassets */,
			);
			path = "Preview Content";
			sourceTree = "<group>";
		};
		30DDE0B724EABC8100208D32 /* Model */ = {
			isa = PBXGroup;
			children = (
				30DDE0B824EABC9700208D32 /* User.swift */,
				F74CF04E25CED44200B6D630 /* Question.swift */,
			);
			path = Model;
			sourceTree = "<group>";
		};
		30F0AF9324E985240084CE6E /* View */ = {
			isa = PBXGroup;
			children = (
				F71C8A0F25D6AAEB0019CBC0 /* Contact Views */,
				F74CF23725D46692007B2958 /* Profile Views */,
				F74CF22725D41086007B2958 /* Misc Views */,
				F7A631A025D1B4DE007E91FE /* HomeView */,
				F748886B25CE761900799859 /* CardViews */,
				F748886625CE751500799859 /* Auth Views */,
				F7178DDB25CC6CA6009103AB /* Fonts */,
				F75BDB8C25C715C5002CE741 /* Backgrounds */,
				30F0AF9124E976410084CE6E /* SplashView.swift */,
			);
			path = View;
			sourceTree = "<group>";
		};
		30F0AF9424E985390084CE6E /* ViewModel */ = {
			isa = PBXGroup;
			children = (
				30F0AF8F24E967920084CE6E /* StatusViewModel.swift */,
				30A39BEC24DF999900EE7E2E /* SignUpViewModel.swift */,
				F748886725CE75D800799859 /* CardDataViewModel.swift */,
				30F0AF9724E9868D0084CE6E /* SignInViewModel.swift */,
			);
			path = ViewModel;
			sourceTree = "<group>";
		};
		30F0AF9524E9855C0084CE6E /* Service */ = {
			isa = PBXGroup;
			children = (
				30F0AF8B24E92D160084CE6E /* AuthAPI.swift */,
				30F0AF8D24E92E360084CE6E /* AuthService.swift */,
				F7CCEA7025C90F3600F6190A /* FirestoreService.swift */,
			);
			path = Service;
			sourceTree = "<group>";
		};
		30F0AF9624E985D40084CE6E /* Configuration */ = {
			isa = PBXGroup;
			children = (
				30D8C5F024E77CFB00CB0858 /* UIConfiguration.swift */,
				30D8C5F224E77DDE00CB0858 /* UIColorExt.swift */,
				30DDE0C024EC2AD300208D32 /* AppState.swift */,
				F7BB88B925C82D510077F5ED /* PasscodeField.swift */,
				F748887325CE835600799859 /* FloatingTextField.swift */,
				F748887725CE932D00799859 /* ButtonExt.swift */,
			);
			path = Configuration;
			sourceTree = "<group>";
		};
		30F0AF9924E9885E0084CE6E /* Components */ = {
			isa = PBXGroup;
			children = (
				30D8C5EE24E77C8000CB0858 /* CustomModifier.swift */,
				30F0AF9A24E989020084CE6E /* CustomTextField.swift */,
			);
			path = Components;
			sourceTree = "<group>";
		};
		8BB326AC4AD1A45FA13BD7DE /* Pods */ = {
			isa = PBXGroup;
			children = (
				7BDA8AF3125E28867EFB0E98 /* Pods-SwiftUIChatAppKit.debug.xcconfig */,
				57AA80FA5CA6EE372A811F79 /* Pods-SwiftUIChatAppKit.release.xcconfig */,
				8445C9E02BCD321F08E7E9E0 /* Pods-FirebaseStarterSwiftUIApp.debug.xcconfig */,
				0B8AE8CB2A252EC929D1448D /* Pods-FirebaseStarterSwiftUIApp.release.xcconfig */,
				E5752F63CF97779D83A3F19D /* Pods-Statis.debug.xcconfig */,
				87F27B8191BB88051966CE47 /* Pods-Statis.release.xcconfig */,
			);
			path = Pods;
			sourceTree = "<group>";
		};
		B113BEC14339CA90855842E2 /* Frameworks */ = {
			isa = PBXGroup;
			children = (
				0A09F40FD6E0A30387D6D9C4 /* Pods_Statis.framework */,
			);
			name = Frameworks;
			sourceTree = "<group>";
		};
		F7178DDB25CC6CA6009103AB /* Fonts */ = {
			isa = PBXGroup;
			children = (
				F7178DDD25CC6CCD009103AB /* Poppins-Black.ttf */,
				F7178DDF25CC6CCF009103AB /* Poppins-BlackItalic.ttf */,
				F7178DE925CC6CD8009103AB /* Poppins-Bold.ttf */,
				F7178DEB25CC6CD9009103AB /* Poppins-BoldItalic.ttf */,
				F7178DE425CC6CD4009103AB /* Poppins-ExtraBold.ttf */,
				F7178DE725CC6CD6009103AB /* Poppins-ExtraBoldItalic.ttf */,
				F7178DE325CC6CD2009103AB /* Poppins-ExtraLight.ttf */,
				F7178DEA25CC6CD8009103AB /* Poppins-ExtraLightItalic.ttf */,
				F7178DE525CC6CD4009103AB /* Poppins-Italic.ttf */,
				F7178DDC25CC6CCC009103AB /* Poppins-Light.ttf */,
				F7178DEC25CC6CDA009103AB /* Poppins-LightItalic.ttf */,
				F7178DE625CC6CD5009103AB /* Poppins-Medium.ttf */,
				F7178DE825CC6CD7009103AB /* Poppins-MediumItalic.ttf */,
				F7178DE025CC6CD0009103AB /* Poppins-Regular.ttf */,
				F7178DE125CC6CD1009103AB /* Poppins-SemiBold.ttf */,
				F7178DE225CC6CD1009103AB /* Poppins-SemiBoldItalic.ttf */,
				F7178DDE25CC6CCE009103AB /* Poppins-Thin.ttf */,
				F7178DED25CC6CDB009103AB /* Poppins-ThinItalic.ttf */,
			);
			path = Fonts;
			sourceTree = "<group>";
		};
		F71C8A0F25D6AAEB0019CBC0 /* Contact Views */ = {
			isa = PBXGroup;
			children = (
				F71C8A1025D6AB020019CBC0 /* ContactDetailsView.swift */,
			);
			path = "Contact Views";
			sourceTree = "<group>";
		};
		F748886625CE751500799859 /* Auth Views */ = {
			isa = PBXGroup;
			children = (
				30D8C60124E818D300CB0858 /* SignUpView.swift */,
				F7BB88B625C82AF60077F5ED /* OTPView.swift */,
				30127DCE24DE506300576F65 /* SignInView.swift */,
				F7BB88B225C8275A0077F5ED /* EmailVerificationView.swift */,
				F765C63625C992D50050D9F1 /* PasswordResetView.swift */,
				F76AD4C125CB1D96004A8F93 /* PhoneVerificationOTP.swift */,
			);
			path = "Auth Views";
			sourceTree = "<group>";
		};
		F748886B25CE761900799859 /* CardViews */ = {
			isa = PBXGroup;
			children = (
				F748886C25CE763000799859 /* CardParentView.swift */,
				F74CF21B25D3C77C007B2958 /* CardDetailView.swift */,
				F74CF21E25D3D785007B2958 /* ContactsView.swift */,
				F74CF22125D3F619007B2958 /* BusinessCardDetailView.swift */,
				F74CF22425D40435007B2958 /* BusinessCardGreenView.swift */,
				F74CF22B25D423C3007B2958 /* GeneralCardInfoView.swift */,
				F74CF23425D45377007B2958 /* CardHolderView.swift */,
				F7BD35D425D9765200AA9DDD /* CardActionsView.swift */,
			);
			path = CardViews;
			sourceTree = "<group>";
		};
		F74CF22725D41086007B2958 /* Misc Views */ = {
			isa = PBXGroup;
			children = (
				F74CF22825D4110A007B2958 /* SettingsView.swift */,
				F71C8A1325D6D6840019CBC0 /* AboutStatisView.swift */,
				F71C8A1625D6F6F40019CBC0 /* StatisProfile.swift */,
				F7BD35D725D986A600AA9DDD /* WalletView.swift */,
			);
			path = "Misc Views";
			sourceTree = "<group>";
		};
		F74CF23725D46692007B2958 /* Profile Views */ = {
			isa = PBXGroup;
			children = (
				F74CF23825D466B7007B2958 /* ProfileView.swift */,
			);
			path = "Profile Views";
			sourceTree = "<group>";
		};
		F75BDB8C25C715C5002CE741 /* Backgrounds */ = {
			isa = PBXGroup;
			children = (
				F75BDB8D25C715E0002CE741 /* AuthViewsBackground.swift */,
			);
			path = Backgrounds;
			sourceTree = "<group>";
		};
		F7A631A025D1B4DE007E91FE /* HomeView */ = {
			isa = PBXGroup;
			children = (
				30DDE0BE24EC2A7C00208D32 /* HomeView.swift */,
				30DDE0BC24EC21E900208D32 /* DrawerView.swift */,
				F74CF22E25D44703007B2958 /* FilterModalView.swift */,
				F74CF23125D4473E007B2958 /* SupportModalView.swift */,
			);
			path = HomeView;
			sourceTree = "<group>";
		};
/* End PBXGroup section */

/* Begin PBXNativeTarget section */
		30127DC624DE506300576F65 /* Statis */ = {
			isa = PBXNativeTarget;
			buildConfigurationList = 30127DDB24DE506500576F65 /* Build configuration list for PBXNativeTarget "Statis" */;
			buildPhases = (
				6A4389E11D896F53345708AA /* [CP] Check Pods Manifest.lock */,
				30127DC324DE506300576F65 /* Sources */,
				30127DC424DE506300576F65 /* Frameworks */,
				30127DC524DE506300576F65 /* Resources */,
				D4A4E9FEA5F068DDD4A57C1B /* [CP] Embed Pods Frameworks */,
				E0DA148EA959097B06267E6D /* [CP] Copy Pods Resources */,
			);
			buildRules = (
			);
			dependencies = (
			);
			name = Statis;
			packageProductDependencies = (
			);
			productName = SwiftUIChatAppKit;
			productReference = 30127DC724DE506300576F65 /* Statis.app */;
			productType = "com.apple.product-type.application";
		};
/* End PBXNativeTarget section */

/* Begin PBXProject section */
		30127DBF24DE506300576F65 /* Project object */ = {
			isa = PBXProject;
			attributes = {
				LastSwiftUpdateCheck = 1150;
				LastUpgradeCheck = 1220;
				ORGANIZATIONNAME = "iOS App Templates";
				TargetAttributes = {
					30127DC624DE506300576F65 = {
						CreatedOnToolsVersion = 11.5;
					};
				};
			};
			buildConfigurationList = 30127DC224DE506300576F65 /* Build configuration list for PBXProject "Statis" */;
			compatibilityVersion = "Xcode 9.3";
			developmentRegion = en;
			hasScannedForEncodings = 0;
			knownRegions = (
				en,
				Base,
			);
			mainGroup = 30127DBE24DE506300576F65;
			packageReferences = (
			);
			productRefGroup = 30127DC824DE506300576F65 /* Products */;
			projectDirPath = "";
			projectRoot = "";
			targets = (
				30127DC624DE506300576F65 /* Statis */,
			);
		};
/* End PBXProject section */

/* Begin PBXResourcesBuildPhase section */
		30127DC524DE506300576F65 /* Resources */ = {
			isa = PBXResourcesBuildPhase;
			buildActionMask = 2147483647;
			files = (
				F7178DF525CC6CDB009103AB /* Poppins-ExtraLight.ttf in Resources */,
				F7178DFB25CC6CDB009103AB /* Poppins-Bold.ttf in Resources */,
				F7178DFC25CC6CDB009103AB /* Poppins-ExtraLightItalic.ttf in Resources */,
				F7178DFF25CC6CDB009103AB /* Poppins-ThinItalic.ttf in Resources */,
				F7178DF425CC6CDB009103AB /* Poppins-SemiBoldItalic.ttf in Resources */,
				F7178DF725CC6CDB009103AB /* Poppins-Italic.ttf in Resources */,
				F7178DEF25CC6CDB009103AB /* Poppins-Black.ttf in Resources */,
				F7178DF025CC6CDB009103AB /* Poppins-Thin.ttf in Resources */,
				30127DD724DE506500576F65 /* LaunchScreen.storyboard in Resources */,
				F7178DF225CC6CDB009103AB /* Poppins-Regular.ttf in Resources */,
				F7178DEE25CC6CDB009103AB /* Poppins-Light.ttf in Resources */,
				F7178DF925CC6CDB009103AB /* Poppins-ExtraBoldItalic.ttf in Resources */,
				F7178DF325CC6CDB009103AB /* Poppins-SemiBold.ttf in Resources */,
				F7178DF825CC6CDB009103AB /* Poppins-Medium.ttf in Resources */,
				F7178DFA25CC6CDB009103AB /* Poppins-MediumItalic.ttf in Resources */,
				F7178DF125CC6CDB009103AB /* Poppins-BlackItalic.ttf in Resources */,
				30127DD424DE506500576F65 /* Preview Assets.xcassets in Resources */,
				F7178DFE25CC6CDB009103AB /* Poppins-LightItalic.ttf in Resources */,
				F75BDB9625C73AFA002CE741 /* GoogleService-Info.plist in Resources */,
				30127DD124DE506500576F65 /* Assets.xcassets in Resources */,
				F7178DF625CC6CDB009103AB /* Poppins-ExtraBold.ttf in Resources */,
				F7178DFD25CC6CDB009103AB /* Poppins-BoldItalic.ttf in Resources */,
			);
			runOnlyForDeploymentPostprocessing = 0;
		};
/* End PBXResourcesBuildPhase section */

/* Begin PBXShellScriptBuildPhase section */
		6A4389E11D896F53345708AA /* [CP] Check Pods Manifest.lock */ = {
			isa = PBXShellScriptBuildPhase;
			buildActionMask = 2147483647;
			files = (
			);
			inputFileListPaths = (
			);
			inputPaths = (
				"${PODS_PODFILE_DIR_PATH}/Podfile.lock",
				"${PODS_ROOT}/Manifest.lock",
			);
			name = "[CP] Check Pods Manifest.lock";
			outputFileListPaths = (
			);
			outputPaths = (
				"$(DERIVED_FILE_DIR)/Pods-Statis-checkManifestLockResult.txt",
			);
			runOnlyForDeploymentPostprocessing = 0;
			shellPath = /bin/sh;
			shellScript = "diff \"${PODS_PODFILE_DIR_PATH}/Podfile.lock\" \"${PODS_ROOT}/Manifest.lock\" > /dev/null\nif [ $? != 0 ] ; then\n    # print error to STDERR\n    echo \"error: The sandbox is not in sync with the Podfile.lock. Run 'pod install' or update your CocoaPods installation.\" >&2\n    exit 1\nfi\n# This output is used by Xcode 'outputs' to avoid re-running this script phase.\necho \"SUCCESS\" > \"${SCRIPT_OUTPUT_FILE_0}\"\n";
			showEnvVarsInLog = 0;
		};
		D4A4E9FEA5F068DDD4A57C1B /* [CP] Embed Pods Frameworks */ = {
			isa = PBXShellScriptBuildPhase;
			buildActionMask = 2147483647;
			files = (
			);
			inputFileListPaths = (
				"${PODS_ROOT}/Target Support Files/Pods-Statis/Pods-Statis-frameworks-${CONFIGURATION}-input-files.xcfilelist",
			);
			name = "[CP] Embed Pods Frameworks";
			outputFileListPaths = (
				"${PODS_ROOT}/Target Support Files/Pods-Statis/Pods-Statis-frameworks-${CONFIGURATION}-output-files.xcfilelist",
			);
			runOnlyForDeploymentPostprocessing = 0;
			shellPath = /bin/sh;
			shellScript = "\"${PODS_ROOT}/Target Support Files/Pods-Statis/Pods-Statis-frameworks.sh\"\n";
			showEnvVarsInLog = 0;
		};
		E0DA148EA959097B06267E6D /* [CP] Copy Pods Resources */ = {
			isa = PBXShellScriptBuildPhase;
			buildActionMask = 2147483647;
			files = (
			);
			inputFileListPaths = (
				"${PODS_ROOT}/Target Support Files/Pods-Statis/Pods-Statis-resources-${CONFIGURATION}-input-files.xcfilelist",
			);
			name = "[CP] Copy Pods Resources";
			outputFileListPaths = (
				"${PODS_ROOT}/Target Support Files/Pods-Statis/Pods-Statis-resources-${CONFIGURATION}-output-files.xcfilelist",
			);
			runOnlyForDeploymentPostprocessing = 0;
			shellPath = /bin/sh;
			shellScript = "\"${PODS_ROOT}/Target Support Files/Pods-Statis/Pods-Statis-resources.sh\"\n";
			showEnvVarsInLog = 0;
		};
/* End PBXShellScriptBuildPhase section */

/* Begin PBXSourcesBuildPhase section */
		30127DC324DE506300576F65 /* Sources */ = {
			isa = PBXSourcesBuildPhase;
			buildActionMask = 2147483647;
			files = (
				F74CF22525D40435007B2958 /* BusinessCardGreenView.swift in Sources */,
				30D8C5EF24E77C8000CB0858 /* CustomModifier.swift in Sources */,
				F71C8A1425D6D6840019CBC0 /* AboutStatisView.swift in Sources */,
				F74CF04F25CED44200B6D630 /* Question.swift in Sources */,
				30F0AF9224E976410084CE6E /* SplashView.swift in Sources */,
				30DDE0C124EC2AD300208D32 /* AppState.swift in Sources */,
				F76AD4C225CB1D96004A8F93 /* PhoneVerificationOTP.swift in Sources */,
				F74CF22925D4110A007B2958 /* SettingsView.swift in Sources */,
				30127DCB24DE506300576F65 /* AppDelegate.swift in Sources */,
				30DDE0B924EABC9700208D32 /* User.swift in Sources */,
				30F0AF8C24E92D160084CE6E /* AuthAPI.swift in Sources */,
				30DDE0BD24EC21E900208D32 /* DrawerView.swift in Sources */,
				F765C63725C992D50050D9F1 /* PasswordResetView.swift in Sources */,
				F7BD35D525D9765200AA9DDD /* CardActionsView.swift in Sources */,
				30D8C5F324E77DDE00CB0858 /* UIColorExt.swift in Sources */,
				F748887825CE932D00799859 /* ButtonExt.swift in Sources */,
				30F0AF8E24E92E360084CE6E /* AuthService.swift in Sources */,
				F74CF22F25D44703007B2958 /* FilterModalView.swift in Sources */,
				30DDE0BF24EC2A7C00208D32 /* HomeView.swift in Sources */,
				F71C8A1125D6AB020019CBC0 /* ContactDetailsView.swift in Sources */,
				F748887425CE835600799859 /* FloatingTextField.swift in Sources */,
				30A39BED24DF999900EE7E2E /* SignUpViewModel.swift in Sources */,
				F7BB88B325C8275A0077F5ED /* EmailVerificationView.swift in Sources */,
				F74CF21C25D3C77C007B2958 /* CardDetailView.swift in Sources */,
				F74CF23225D4473E007B2958 /* SupportModalView.swift in Sources */,
				F74CF22C25D423C3007B2958 /* GeneralCardInfoView.swift in Sources */,
				F7CCEA7125C90F3600F6190A /* FirestoreService.swift in Sources */,
				30F0AF9024E967920084CE6E /* StatusViewModel.swift in Sources */,
				30D8C60224E818D400CB0858 /* SignUpView.swift in Sources */,
				30127DCD24DE506300576F65 /* SceneDelegate.swift in Sources */,
				30D8C5F124E77CFB00CB0858 /* UIConfiguration.swift in Sources */,
				F75BDB8E25C715E0002CE741 /* AuthViewsBackground.swift in Sources */,
				F7BD35D825D986A600AA9DDD /* WalletView.swift in Sources */,
				F71C8A1725D6F6F40019CBC0 /* StatisProfile.swift in Sources */,
				F7BB88BA25C82D510077F5ED /* PasscodeField.swift in Sources */,
				F748886D25CE763000799859 /* CardParentView.swift in Sources */,
				F74CF23525D45378007B2958 /* CardHolderView.swift in Sources */,
				F7BB88B725C82AF60077F5ED /* OTPView.swift in Sources */,
				30127DCF24DE506300576F65 /* SignInView.swift in Sources */,
				30F0AF9824E9868D0084CE6E /* SignInViewModel.swift in Sources */,
				F74CF22225D3F619007B2958 /* BusinessCardDetailView.swift in Sources */,
				F74CF21F25D3D785007B2958 /* ContactsView.swift in Sources */,
				F748886825CE75D900799859 /* CardDataViewModel.swift in Sources */,
				F74CF23925D466B7007B2958 /* ProfileView.swift in Sources */,
				30F0AF9B24E989020084CE6E /* CustomTextField.swift in Sources */,
			);
			runOnlyForDeploymentPostprocessing = 0;
		};
/* End PBXSourcesBuildPhase section */

/* Begin PBXVariantGroup section */
		30127DD524DE506500576F65 /* LaunchScreen.storyboard */ = {
			isa = PBXVariantGroup;
			children = (
				30127DD624DE506500576F65 /* Base */,
			);
			name = LaunchScreen.storyboard;
			sourceTree = "<group>";
		};
/* End PBXVariantGroup section */

/* Begin XCBuildConfiguration section */
		30127DD924DE506500576F65 /* Debug */ = {
			isa = XCBuildConfiguration;
			buildSettings = {
				ALWAYS_SEARCH_USER_PATHS = NO;
				CLANG_ANALYZER_NONNULL = YES;
				CLANG_ANALYZER_NUMBER_OBJECT_CONVERSION = YES_AGGRESSIVE;
				CLANG_CXX_LANGUAGE_STANDARD = "gnu++14";
				CLANG_CXX_LIBRARY = "libc++";
				CLANG_ENABLE_MODULES = YES;
				CLANG_ENABLE_OBJC_ARC = YES;
				CLANG_ENABLE_OBJC_WEAK = YES;
				CLANG_WARN_BLOCK_CAPTURE_AUTORELEASING = YES;
				CLANG_WARN_BOOL_CONVERSION = YES;
				CLANG_WARN_COMMA = YES;
				CLANG_WARN_CONSTANT_CONVERSION = YES;
				CLANG_WARN_DEPRECATED_OBJC_IMPLEMENTATIONS = YES;
				CLANG_WARN_DIRECT_OBJC_ISA_USAGE = YES_ERROR;
				CLANG_WARN_DOCUMENTATION_COMMENTS = YES;
				CLANG_WARN_EMPTY_BODY = YES;
				CLANG_WARN_ENUM_CONVERSION = YES;
				CLANG_WARN_INFINITE_RECURSION = YES;
				CLANG_WARN_INT_CONVERSION = YES;
				CLANG_WARN_NON_LITERAL_NULL_CONVERSION = YES;
				CLANG_WARN_OBJC_IMPLICIT_RETAIN_SELF = YES;
				CLANG_WARN_OBJC_LITERAL_CONVERSION = YES;
				CLANG_WARN_OBJC_ROOT_CLASS = YES_ERROR;
				CLANG_WARN_QUOTED_INCLUDE_IN_FRAMEWORK_HEADER = YES;
				CLANG_WARN_RANGE_LOOP_ANALYSIS = YES;
				CLANG_WARN_STRICT_PROTOTYPES = YES;
				CLANG_WARN_SUSPICIOUS_MOVE = YES;
				CLANG_WARN_UNGUARDED_AVAILABILITY = YES_AGGRESSIVE;
				CLANG_WARN_UNREACHABLE_CODE = YES;
				CLANG_WARN__DUPLICATE_METHOD_MATCH = YES;
				COPY_PHASE_STRIP = NO;
				DEBUG_INFORMATION_FORMAT = dwarf;
				ENABLE_STRICT_OBJC_MSGSEND = YES;
				ENABLE_TESTABILITY = YES;
				GCC_C_LANGUAGE_STANDARD = gnu11;
				GCC_DYNAMIC_NO_PIC = NO;
				GCC_NO_COMMON_BLOCKS = YES;
				GCC_OPTIMIZATION_LEVEL = 0;
				GCC_PREPROCESSOR_DEFINITIONS = (
					"DEBUG=1",
					"$(inherited)",
				);
				GCC_WARN_64_TO_32_BIT_CONVERSION = YES;
				GCC_WARN_ABOUT_RETURN_TYPE = YES_ERROR;
				GCC_WARN_UNDECLARED_SELECTOR = YES;
				GCC_WARN_UNINITIALIZED_AUTOS = YES_AGGRESSIVE;
				GCC_WARN_UNUSED_FUNCTION = YES;
				GCC_WARN_UNUSED_VARIABLE = YES;
				IPHONEOS_DEPLOYMENT_TARGET = 13.5;
				MTL_ENABLE_DEBUG_INFO = INCLUDE_SOURCE;
				MTL_FAST_MATH = YES;
				ONLY_ACTIVE_ARCH = YES;
				SDKROOT = iphoneos;
				SWIFT_ACTIVE_COMPILATION_CONDITIONS = DEBUG;
				SWIFT_OPTIMIZATION_LEVEL = "-Onone";
			};
			name = Debug;
		};
		30127DDA24DE506500576F65 /* Release */ = {
			isa = XCBuildConfiguration;
			buildSettings = {
				ALWAYS_SEARCH_USER_PATHS = NO;
				CLANG_ANALYZER_NONNULL = YES;
				CLANG_ANALYZER_NUMBER_OBJECT_CONVERSION = YES_AGGRESSIVE;
				CLANG_CXX_LANGUAGE_STANDARD = "gnu++14";
				CLANG_CXX_LIBRARY = "libc++";
				CLANG_ENABLE_MODULES = YES;
				CLANG_ENABLE_OBJC_ARC = YES;
				CLANG_ENABLE_OBJC_WEAK = YES;
				CLANG_WARN_BLOCK_CAPTURE_AUTORELEASING = YES;
				CLANG_WARN_BOOL_CONVERSION = YES;
				CLANG_WARN_COMMA = YES;
				CLANG_WARN_CONSTANT_CONVERSION = YES;
				CLANG_WARN_DEPRECATED_OBJC_IMPLEMENTATIONS = YES;
				CLANG_WARN_DIRECT_OBJC_ISA_USAGE = YES_ERROR;
				CLANG_WARN_DOCUMENTATION_COMMENTS = YES;
				CLANG_WARN_EMPTY_BODY = YES;
				CLANG_WARN_ENUM_CONVERSION = YES;
				CLANG_WARN_INFINITE_RECURSION = YES;
				CLANG_WARN_INT_CONVERSION = YES;
				CLANG_WARN_NON_LITERAL_NULL_CONVERSION = YES;
				CLANG_WARN_OBJC_IMPLICIT_RETAIN_SELF = YES;
				CLANG_WARN_OBJC_LITERAL_CONVERSION = YES;
				CLANG_WARN_OBJC_ROOT_CLASS = YES_ERROR;
				CLANG_WARN_QUOTED_INCLUDE_IN_FRAMEWORK_HEADER = YES;
				CLANG_WARN_RANGE_LOOP_ANALYSIS = YES;
				CLANG_WARN_STRICT_PROTOTYPES = YES;
				CLANG_WARN_SUSPICIOUS_MOVE = YES;
				CLANG_WARN_UNGUARDED_AVAILABILITY = YES_AGGRESSIVE;
				CLANG_WARN_UNREACHABLE_CODE = YES;
				CLANG_WARN__DUPLICATE_METHOD_MATCH = YES;
				COPY_PHASE_STRIP = NO;
				DEBUG_INFORMATION_FORMAT = "dwarf-with-dsym";
				ENABLE_NS_ASSERTIONS = NO;
				ENABLE_STRICT_OBJC_MSGSEND = YES;
				GCC_C_LANGUAGE_STANDARD = gnu11;
				GCC_NO_COMMON_BLOCKS = YES;
				GCC_WARN_64_TO_32_BIT_CONVERSION = YES;
				GCC_WARN_ABOUT_RETURN_TYPE = YES_ERROR;
				GCC_WARN_UNDECLARED_SELECTOR = YES;
				GCC_WARN_UNINITIALIZED_AUTOS = YES_AGGRESSIVE;
				GCC_WARN_UNUSED_FUNCTION = YES;
				GCC_WARN_UNUSED_VARIABLE = YES;
				IPHONEOS_DEPLOYMENT_TARGET = 13.5;
				MTL_ENABLE_DEBUG_INFO = NO;
				MTL_FAST_MATH = YES;
				SDKROOT = iphoneos;
				SWIFT_COMPILATION_MODE = wholemodule;
				SWIFT_OPTIMIZATION_LEVEL = "-O";
				VALIDATE_PRODUCT = YES;
			};
			name = Release;
		};
		30127DDC24DE506500576F65 /* Debug */ = {
			isa = XCBuildConfiguration;
			baseConfigurationReference = E5752F63CF97779D83A3F19D /* Pods-Statis.debug.xcconfig */;
			buildSettings = {
				ASSETCATALOG_COMPILER_APPICON_NAME = AppIcon;
				CODE_SIGN_ENTITLEMENTS = Statis/Statis.entitlements;
				CODE_SIGN_STYLE = Automatic;
				CURRENT_PROJECT_VERSION = 3;
				DEVELOPMENT_ASSET_PATHS = "";
				DEVELOPMENT_TEAM = U6FV5X29AZ;
				ENABLE_PREVIEWS = YES;
				INFOPLIST_FILE = "$(SRCROOT)/Statis/Info.plist";
				LD_RUNPATH_SEARCH_PATHS = (
					"$(inherited)",
					"@executable_path/Frameworks",
				);
				MARKETING_VERSION = 1.0;
				PRODUCT_BUNDLE_IDENTIFIER = com.satatis.app;
				PRODUCT_NAME = Statis;
				SWIFT_VERSION = 5.0;
				TARGETED_DEVICE_FAMILY = "1,2";
			};
			name = Debug;
		};
		30127DDD24DE506500576F65 /* Release */ = {
			isa = XCBuildConfiguration;
			baseConfigurationReference = 87F27B8191BB88051966CE47 /* Pods-Statis.release.xcconfig */;
			buildSettings = {
				ASSETCATALOG_COMPILER_APPICON_NAME = AppIcon;
				CODE_SIGN_ENTITLEMENTS = Statis/Statis.entitlements;
				CODE_SIGN_STYLE = Automatic;
				CURRENT_PROJECT_VERSION = 3;
				DEVELOPMENT_ASSET_PATHS = "";
				DEVELOPMENT_TEAM = U6FV5X29AZ;
				ENABLE_PREVIEWS = YES;
				INFOPLIST_FILE = "$(SRCROOT)/Statis/Info.plist";
				LD_RUNPATH_SEARCH_PATHS = (
					"$(inherited)",
					"@executable_path/Frameworks",
				);
				MARKETING_VERSION = 1.0;
				PRODUCT_BUNDLE_IDENTIFIER = com.satatis.app;
				PRODUCT_NAME = Statis;
				SWIFT_VERSION = 5.0;
				TARGETED_DEVICE_FAMILY = "1,2";
			};
			name = Release;
		};
/* End XCBuildConfiguration section */

/* Begin XCConfigurationList section */
		30127DC224DE506300576F65 /* Build configuration list for PBXProject "Statis" */ = {
			isa = XCConfigurationList;
			buildConfigurations = (
				30127DD924DE506500576F65 /* Debug */,
				30127DDA24DE506500576F65 /* Release */,
			);
			defaultConfigurationIsVisible = 0;
			defaultConfigurationName = Release;
		};
		30127DDB24DE506500576F65 /* Build configuration list for PBXNativeTarget "Statis" */ = {
			isa = XCConfigurationList;
			buildConfigurations = (
				30127DDC24DE506500576F65 /* Debug */,
				30127DDD24DE506500576F65 /* Release */,
			);
			defaultConfigurationIsVisible = 0;
			defaultConfigurationName = Release;
		};
/* End XCConfigurationList section */
	};
	rootObject = 30127DBF24DE506300576F65 /* Project object */;
}
